
Microsoft Visual Studio Solution File, Format Version 12.00
# Visual Studio 15
Project("{FAE04EC0-301F-11D3-BF4B-00C04F79EFBC}") = "Assembly-CSharp-Editor", "Assembly-CSharp-Editor.csproj", "{912D10E4-D49F-C907-82F3-EB1E294CD077}"
EndProject
Global
	GlobalSection(SolutionConfigurationPlatforms) = preSolution
		Debug|Any CPU = Debug|Any CPU
		Release|Any CPU = Release|Any CPU
	EndGlobalSection
	GlobalSection(ProjectConfigurationPlatforms) = postSolution
		{912D10E4-D49F-C907-82F3-EB1E294CD077}.Debug|Any CPU.ActiveCfg = Debug|Any CPU
		{912D10E4-D49F-C907-82F3-EB1E294CD077}.Debug|Any CPU.Build.0 = Debug|Any CPU
		{912D10E4-D49F-C907-82F3-EB1E294CD077}.Release|Any CPU.ActiveCfg = Release|Any CPU
		{912D10E4-D49F-C907-82F3-EB1E294CD077}.Release|Any CPU.Build.0 = Release|Any CPU
	EndGlobalSection
	GlobalSection(SolutionProperties) = preSolution
		HideSolutionNode = FALSE
	EndGlobalSection
EndGlobal
